%{
  "abacus": {:hex, :abacus, "0.4.2", "632837177bd534e55a520d373b7195bc9bfcbc9425fefb5e93e3cf3336ba9737", [:mix], [], "hexpm", "2e7bd7c0ba2a594808d42c1b946f11c47bf8254506403031958b58054c807986"},
  "castore": {:hex, :castore, "0.1.22", "4127549e411bedd012ca3a308dede574f43819fe9394254ca55ab4895abfa1a2", [:mix], [], "hexpm", "c17576df47eb5aa1ee40cc4134316a99f5cad3e215d5c77b8dd3cfef12a22cac"},
  "cldr_utils": {:hex, :cldr_utils, "2.24.2", "364fa30be55d328e704629568d431eb74cd2f085752b27f8025520b566352859", [:mix], [{:castore, "~> 0.1 or ~> 1.0", [hex: :castore, repo: "hexpm", optional: true]}, {:certifi, "~> 2.5", [hex: :certifi, repo: "hexpm", optional: true]}, {:decimal, "~> 1.9 or ~> 2.0", [hex: :decimal, repo: "hexpm", optional: false]}], "hexpm", "3362b838836a9f0fa309de09a7127e36e67310e797d556db92f71b548832c7cf"},
  "decimal": {:hex, :decimal, "2.1.1", "5611dca5d4b2c3dd497dec8f68751f1f1a54755e8ed2a966c2633cf885973ad6", [:mix], [], "hexpm", "53cfe5f497ed0e7771ae1a475575603d77425099ba5faef9394932b35020ffcc"},
  "digital_token": {:hex, :digital_token, "0.6.0", "13e6de581f0b1f6c686f7c7d12ab11a84a7b22fa79adeb4b50eec1a2d278d258", [:mix], [{:cldr_utils, "~> 2.17", [hex: :cldr_utils, repo: "hexpm", optional: false]}, {:jason, "~> 1.0", [hex: :jason, repo: "hexpm", optional: true]}], "hexpm", "2455d626e7c61a128b02a4a8caddb092548c3eb613ac6f6a85e4cbb6caddc4d1"},
  "evalex": {:hex, :evalex, "0.1.1", "2e1059d0dba2adff99db7b2233b9f43f716d97115508ed2686e0248662923cb5", [:mix], [{:rustler, "~> 0.25.0", [hex: :rustler, repo: "hexpm", optional: false]}, {:rustler_precompiled, "~> 0.5.1", [hex: :rustler_precompiled, repo: "hexpm", optional: false]}], "hexpm", "a8a30f9efe7efb7f1bb01b5bee3a272ddb3152ef933cd593d2c2fcd21ba4c81b"},
  "ex_cldr": {:hex, :ex_cldr, "2.37.5", "9da6d97334035b961d2c2de167dc6af8cd3e09859301a5b8f49f90bd8b034593", [:mix], [{:cldr_utils, "~> 2.21", [hex: :cldr_utils, repo: "hexpm", optional: false]}, {:decimal, "~> 1.6 or ~> 2.0", [hex: :decimal, repo: "hexpm", optional: false]}, {:gettext, "~> 0.19", [hex: :gettext, repo: "hexpm", optional: true]}, {:jason, "~> 1.0", [hex: :jason, repo: "hexpm", optional: true]}, {:nimble_parsec, "~> 0.5 or ~> 1.0", [hex: :nimble_parsec, repo: "hexpm", optional: true]}], "hexpm", "74ad5ddff791112ce4156382e171a5f5d3766af9d5c4675e0571f081fe136479"},
  "ex_cldr_currencies": {:hex, :ex_cldr_currencies, "2.15.1", "e92ba17c41e7405b7784e0e65f406b5f17cfe313e0e70de9befd653e12854822", [:mix], [{:ex_cldr, "~> 2.34", [hex: :ex_cldr, repo: "hexpm", optional: false]}, {:jason, "~> 1.0", [hex: :jason, repo: "hexpm", optional: true]}], "hexpm", "31df8bd37688340f8819bdd770eb17d659652078d34db632b85d4a32864d6a25"},
  "ex_cldr_numbers": {:hex, :ex_cldr_numbers, "2.32.4", "5562148dfc631b04712983975093d2aac29df30b3bf2f7257e0c94b85b72e91b", [:mix], [{:decimal, "~> 1.6 or ~> 2.0", [hex: :decimal, repo: "hexpm", optional: false]}, {:digital_token, "~> 0.3 or ~> 1.0", [hex: :digital_token, repo: "hexpm", optional: false]}, {:ex_cldr, "~> 2.37", [hex: :ex_cldr, repo: "hexpm", optional: false]}, {:ex_cldr_currencies, ">= 2.14.2", [hex: :ex_cldr_currencies, repo: "hexpm", optional: false]}, {:jason, "~> 1.0", [hex: :jason, repo: "hexpm", optional: true]}], "hexpm", "6fd5a82f0785418fa8b698c0be2b1845dff92b77f1b3172c763d37868fb503d2"},
  "jason": {:hex, :jason, "1.4.1", "af1504e35f629ddcdd6addb3513c3853991f694921b1b9368b0bd32beb9f1b63", [:mix], [{:decimal, "~> 1.0 or ~> 2.0", [hex: :decimal, repo: "hexpm", optional: true]}], "hexpm", "fbb01ecdfd565b56261302f7e1fcc27c4fb8f32d56eab74db621fc154604a7a1"},
  "nimble_csv": {:hex, :nimble_csv, "1.2.0", "4e26385d260c61eba9d4412c71cea34421f296d5353f914afe3f2e71cce97722", [:mix], [], "hexpm", "d0628117fcc2148178b034044c55359b26966c6eaa8e2ce15777be3bbc91b12a"},
  "rustler": {:hex, :rustler, "0.25.0", "32526b51af7e58a740f61941bf923486ce6415a91c3934cc16c281aa201a2240", [:mix], [{:jason, "~> 1.0", [hex: :jason, repo: "hexpm", optional: false]}, {:toml, "~> 0.6", [hex: :toml, repo: "hexpm", optional: false]}], "hexpm", "6b43a11a37fe79c6234d88c4102ab5dfede7a6a764dc5c7b539956cfa02f3cf4"},
  "rustler_precompiled": {:hex, :rustler_precompiled, "0.5.5", "a075a92c8e748ce5c4f7b2cf573a072d206a6d8d99c53f627e81d3f2b10616a3", [:mix], [{:castore, "~> 0.1", [hex: :castore, repo: "hexpm", optional: false]}, {:rustler, "~> 0.23", [hex: :rustler, repo: "hexpm", optional: true]}], "hexpm", "e8a7f1abfec8d68683bb25d14efc88496f091ef113f7f4c45d39f3606f7223f6"},
  "toml": {:hex, :toml, "0.7.0", "fbcd773caa937d0c7a02c301a1feea25612720ac3fa1ccb8bfd9d30d822911de", [:mix], [], "hexpm", "0690246a2478c1defd100b0c9b89b4ea280a22be9a7b313a8a058a2408a2fa70"},
}
